PODS:
  - IQKeyboardManager (5.0.7)
  - Masonry (1.0.2)
  - MBProgressHUD (1.0.0)
  - MJRefresh (3.1.15.1)
  - Reachability (3.2)
  - Toast (3.1.0)

DEPENDENCIES:
  - IQKeyboardManager
  - Masonry (~> 1.0.2)
  - MBProgressHUD (~> 1.0.0)
  - MJRefresh (~> 3.1.12)
  - Reachability (~> 3.2)
  - Toast (~> 3.1.0)

SPEC REPOS:
  https://github.com/cocoapods/specs.git:
    - IQKeyboardManager
    - Masonry
    - MBProgressHUD
    - MJRefresh
    - Reachability
    - Toast

SPEC CHECKSUMS:
  IQKeyboardManager: 0bfa4607d39924116b5c0c8b55b5d789288b5cba
  Masonry: 7c429b56da9d4ee0bbb3ed77a5ea710d6a5df39e
  MBProgressHUD: 4890f671c94e8a0f3cf959aa731e9de2f036d71a
  MJRefresh: 5f8552bc25ca8751c010f621c1098dbdaacbccd6
  Reachability: 33e18b67625424e47b6cde6d202dce689ad7af96
  Toast: 14a93686d6c8bfe2727afd342414e35660a8a1f3

PODFILE CHECKSUM: 9a7facd18c83b5335886143068d4a15a3fe2b92a

COCOAPODS: 1.5.3
